<?xml version="1.0" encoding="utf-8"?>
<Project ToolsVersion="4.0" xmlns="http://schemas.microsoft.com/developer/msbuild/2003">
  <ItemGroup>
    <ClInclude Include="..\Junior_Core\Src\Include\Animator.h">
      <Filter>Components</Filter>
    </ClInclude>
    <ClInclude Include="..\Junior_Core\Src\Include\Camera.h">
      <Filter>Components</Filter>
    </ClInclude>
    <ClInclude Include="..\Junior_Core\Src\Include\Component.h">
      <Filter>Components</Filter>
    </ClInclude>
    <ClInclude Include="..\Junior_Core\Src\Include\ComponentContainer.h">
      <Filter>Components</Filter>
    </ClInclude>
    <ClInclude Include="..\Junior_Core\Src\Include\Sprite.h">
      <Filter>Components</Filter>
    </ClInclude>
    <ClInclude Include="..\Junior_Core\Src\Include\Application.h">
      <Filter>Game Systems</Filter>
    </ClInclude>
    <ClInclude Include="..\Junior_Core\Src\Include\Debug.h">
      <Filter>Game Systems</Filter>
    </ClInclude>
    <ClInclude Include="..\Junior_Core\Src\Include\GameObjectFactory.h">
      <Filter>Game Systems</Filter>
    </ClInclude>
    <ClInclude Include="..\Junior_Core\Src\Include\GameObjectManager.h">
      <Filter>Game Systems</Filter>
    </ClInclude>
    <ClInclude Include="..\Junior_Core\Src\Include\GameSystem.h">
      <Filter>Game Systems</Filter>
    </ClInclude>
    <ClInclude Include="..\Junior_Core\Src\Include\Input.h">
      <Filter>Game Systems</Filter>
    </ClInclude>
    <ClInclude Include="..\Junior_Core\Src\Include\Graphics.h">
      <Filter>Game Systems</Filter>
    </ClInclude>
    <ClInclude Include="..\Junior_Core\Src\Include\MemoryLeakGuard.h">
      <Filter>Game Systems</Filter>
    </ClInclude>
    <ClInclude Include="..\Junior_Core\Src\Include\MemoryManager.h">
      <Filter>Game Systems</Filter>
    </ClInclude>
    <ClInclude Include="..\Junior_Core\Src\Include\ResourceManager.h">
      <Filter>Game Systems</Filter>
    </ClInclude>
    <ClInclude Include="..\Junior_Core\Src\Include\Parser.h">
      <Filter>Serialization</Filter>
    </ClInclude>
    <ClInclude Include="..\Junior_Core\Src\Include\Serializable.h">
      <Filter>Serialization</Filter>
    </ClInclude>
    <ClInclude Include="..\Junior_Core\Src\Include\Resource.h">
      <Filter>Game Systems</Filter>
    </ClInclude>
    <ClInclude Include="..\Junior_Core\Src\Include\Level.h">
      <Filter>Game Systems</Filter>
    </ClInclude>
    <ClInclude Include="..\Junior_Core\Src\Include\DrawProgram.h">
      <Filter>Graphics</Filter>
    </ClInclude>
    <ClInclude Include="..\Junior_Core\Src\Include\GameObject.h">
      <Filter>Game Systems</Filter>
    </ClInclude>
    <ClInclude Include="..\Junior_Core\Src\Include\LinearMath.h">
      <Filter>Math</Filter>
    </ClInclude>
    <ClInclude Include="..\Junior_Core\Src\Include\Mat3.h">
      <Filter>Math</Filter>
    </ClInclude>
    <ClInclude Include="..\Junior_Core\Src\Include\Vec3.h">
      <Filter>Math</Filter>
    </ClInclude>
    <ClInclude Include="..\Junior_Core\Src\Include\Transform.h">
      <Filter>Components</Filter>
    </ClInclude>
    <ClInclude Include="..\Junior_Core\Src\Include\Space.h">
      <Filter>Game Systems</Filter>
    </ClInclude>
    <ClInclude Include="..\Junior_Core\Src\Include\OpenGLBundle.h">
      <Filter>Graphics</Filter>
    </ClInclude>
    <ClInclude Include="..\Junior_Core\Src\Include\TextureAtlas.h">
      <Filter>Graphics</Filter>
    </ClInclude>
    <ClInclude Include="..\Junior_Core\Src\Include\Time.h">
      <Filter>Game Systems</Filter>
    </ClInclude>
    <ClInclude Include="..\Junior_Core\Src\Include\Texture.h">
      <Filter>Graphics</Filter>
    </ClInclude>
    <ClInclude Include="..\Junior_Core\Src\Include\RenderJob.h">
      <Filter>Graphics\RenderData</Filter>
    </ClInclude>
    <ClInclude Include="..\Junior_Core\Src\Include\Mesh.h">
      <Filter>Graphics\Meshes</Filter>
    </ClInclude>
    <ClInclude Include="..\Junior_Core\Src\Include\DefaultMesh.h">
      <Filter>Graphics\Meshes</Filter>
    </ClInclude>
    <ClInclude Include="..\Junior_Core\Src\Include\DefaultMeshLink.h">
      <Filter>Components</Filter>
    </ClInclude>
    <ClInclude Include="..\Junior_Core\Src\Include\ParticleEmitter.h">
      <Filter>Components</Filter>
    </ClInclude>
    <ClInclude Include="..\Junior_Core\Src\Include\ParticleMeshLink.h">
      <Filter>Components</Filter>
    </ClInclude>
    <ClInclude Include="..\Junior_Core\Src\Include\ParticleMesh.h">
      <Filter>Graphics\Meshes</Filter>
    </ClInclude>
    <ClInclude Include="..\Junior_Core\Src\Include\Random.h">
      <Filter>Game Systems</Filter>
    </ClInclude>
    <ClInclude Include="..\Junior_Core\Src\Include\Particle.h">
      <Filter>Graphics\RenderData</Filter>
    </ClInclude>
  </ItemGroup>
  <ItemGroup>
    <Filter Include="Components">
      <UniqueIdentifier>{8fee923e-fb0e-4e25-8494-25018315c143}</UniqueIdentifier>
    </Filter>
    <Filter Include="Game Systems">
      <UniqueIdentifier>{cf87f992-632b-437f-98da-5d82b04a6b2f}</UniqueIdentifier>
    </Filter>
    <Filter Include="Serialization">
      <UniqueIdentifier>{8a0e3ce0-2432-4cb4-aa84-16435af8e5fa}</UniqueIdentifier>
    </Filter>
    <Filter Include="Graphics">
      <UniqueIdentifier>{b7b9d062-6618-43f0-8e5f-89895a32ebf3}</UniqueIdentifier>
    </Filter>
    <Filter Include="Math">
      <UniqueIdentifier>{1aaf2a9e-1f7c-4865-a5a5-18bd54c43e0f}</UniqueIdentifier>
    </Filter>
    <Filter Include="Graphics\RenderData">
      <UniqueIdentifier>{c03efa2c-977f-4ac2-a81a-606854cc86f6}</UniqueIdentifier>
    </Filter>
    <Filter Include="Graphics\Meshes">
      <UniqueIdentifier>{3e9c9b32-1cad-4bcc-a45a-fb8dae9334a0}</UniqueIdentifier>
    </Filter>
  </ItemGroup>
  <ItemGroup>
    <ClCompile Include="..\Junior_Core\Src\Source\Animator.cpp">
      <Filter>Components</Filter>
    </ClCompile>
    <ClCompile Include="..\Junior_Core\Src\Source\Camera.cpp">
      <Filter>Components</Filter>
    </ClCompile>
    <ClCompile Include="..\Junior_Core\Src\Source\Transform.cpp">
      <Filter>Components</Filter>
    </ClCompile>
    <ClCompile Include="..\Junior_Core\Src\Source\Sprite.cpp">
      <Filter>Components</Filter>
    </ClCompile>
    <ClCompile Include="..\Junior_Core\Src\Source\ComponentContainer.cpp">
      <Filter>Components</Filter>
    </ClCompile>
    <ClCompile Include="..\Junior_Core\Src\Source\Application.cpp">
      <Filter>Game Systems</Filter>
    </ClCompile>
    <ClCompile Include="..\Junior_Core\Src\Source\Debug.cpp">
      <Filter>Game Systems</Filter>
    </ClCompile>
    <ClCompile Include="..\Junior_Core\Src\Source\GameObject.cpp">
      <Filter>Game Systems</Filter>
    </ClCompile>
    <ClCompile Include="..\Junior_Core\Src\Source\GameObjectFactory.cpp">
      <Filter>Game Systems</Filter>
    </ClCompile>
    <ClCompile Include="..\Junior_Core\Src\Source\GameObjectManager.cpp">
      <Filter>Game Systems</Filter>
    </ClCompile>
    <ClCompile Include="..\Junior_Core\Src\Source\GameSystem.cpp">
      <Filter>Game Systems</Filter>
    </ClCompile>
    <ClCompile Include="..\Junior_Core\Src\Source\Graphics.cpp">
      <Filter>Game Systems</Filter>
    </ClCompile>
    <ClCompile Include="..\Junior_Core\Src\Source\Input.cpp">
      <Filter>Game Systems</Filter>
    </ClCompile>
    <ClCompile Include="..\Junior_Core\Src\Source\Level.cpp">
      <Filter>Game Systems</Filter>
    </ClCompile>
    <ClCompile Include="..\Junior_Core\Src\Source\MemoryManager.cpp">
      <Filter>Game Systems</Filter>
    </ClCompile>
    <ClCompile Include="..\Junior_Core\Src\Source\ResourceManager.cpp">
      <Filter>Game Systems</Filter>
    </ClCompile>
    <ClCompile Include="..\Junior_Core\Src\Source\Space.cpp">
      <Filter>Game Systems</Filter>
    </ClCompile>
    <ClCompile Include="..\Junior_Core\Src\Source\Time.cpp">
      <Filter>Game Systems</Filter>
    </ClCompile>
    <ClCompile Include="..\Junior_Core\Src\Source\DrawProgram.cpp">
      <Filter>Graphics</Filter>
    </ClCompile>
    <ClCompile Include="..\Junior_Core\Src\Source\TextureAtlas.cpp">
      <Filter>Graphics</Filter>
    </ClCompile>
    <ClCompile Include="..\Junior_Core\Src\Source\LinearMath.cpp">
      <Filter>Math</Filter>
    </ClCompile>
    <ClCompile Include="..\Junior_Core\Src\Source\Mat3.cpp">
      <Filter>Math</Filter>
    </ClCompile>
    <ClCompile Include="..\Junior_Core\Src\Source\Vec3.cpp">
      <Filter>Math</Filter>
    </ClCompile>
    <ClCompile Include="..\Junior_Core\Src\Source\Parser.cpp">
      <Filter>Serialization</Filter>
    </ClCompile>
    <ClCompile Include="..\Junior_Core\Src\Source\Resource.cpp">
      <Filter>Game Systems</Filter>
    </ClCompile>
    <ClCompile Include="..\Junior_Core\Src\Source\Texture.cpp">
      <Filter>Graphics</Filter>
    </ClCompile>
    <ClCompile Include="..\Junior_Core\Src\Source\Mesh.cpp">
      <Filter>Graphics\Meshes</Filter>
    </ClCompile>
    <ClCompile Include="..\Junior_Core\Src\Source\DefaultMesh.cpp">
      <Filter>Graphics\Meshes</Filter>
    </ClCompile>
    <ClCompile Include="..\Junior_Core\Src\Source\DefaultMeshLink.cpp">
      <Filter>Components</Filter>
    </ClCompile>
    <ClCompile Include="..\Junior_Core\Src\Source\ParticleEmitter.cpp">
      <Filter>Components</Filter>
    </ClCompile>
    <ClCompile Include="..\Junior_Core\Src\Source\ParticleMeshLink.cpp">
      <Filter>Components</Filter>
    </ClCompile>
    <ClCompile Include="..\Junior_Core\Src\Source\ParticleMesh.cpp">
      <Filter>Graphics\Meshes</Filter>
    </ClCompile>
    <ClCompile Include="..\Junior_Core\Src\Source\Randon.cpp">
      <Filter>Game Systems</Filter>
    </ClCompile>
  </ItemGroup>
</Project>